// !$*UTF8*$!
{
	archiveVersion = 1;
	classes = {
	};
	objectVersion = 46;
	objects = {

/* Begin PBXBuildFile section */
		62A824A31D03E55F00F0AD08 /* AppDelegate.swift in Sources */ = {isa = PBXBuildFile; fileRef = 62A824A21D03E55F00F0AD08 /* AppDelegate.swift */; };
		62A824A51D03E55F00F0AD08 /* ViewController.swift in Sources */ = {isa = PBXBuildFile; fileRef = 62A824A41D03E55F00F0AD08 /* ViewController.swift */; };
		62A824A81D03E55F00F0AD08 /* Main.storyboard in Resources */ = {isa = PBXBuildFile; fileRef = 62A824A61D03E55F00F0AD08 /* Main.storyboard */; };
		62A824AA1D03E55F00F0AD08 /* Assets.xcassets in Resources */ = {isa = PBXBuildFile; fileRef = 62A824A91D03E55F00F0AD08 /* Assets.xcassets */; };
		62A824AD1D03E55F00F0AD08 /* LaunchScreen.storyboard in Resources */ = {isa = PBXBuildFile; fileRef = 62A824AB1D03E55F00F0AD08 /* LaunchScreen.storyboard */; };
		62A824B81D03E55F00F0AD08 /* newWindowTests.swift in Sources */ = {isa = PBXBuildFile; fileRef = 62A824B71D03E55F00F0AD08 /* newWindowTests.swift */; };
		62A824C31D03E55F00F0AD08 /* newWindowUITests.swift in Sources */ = {isa = PBXBuildFile; fileRef = 62A824C21D03E55F00F0AD08 /* newWindowUITests.swift */; };
/* End PBXBuildFile section */

/* Begin PBXContainerItemProxy section */
		62A824B41D03E55F00F0AD08 /* PBXContainerItemProxy */ = {
			isa = PBXContainerItemProxy;
			containerPortal = 62A824971D03E55F00F0AD08 /* Project object */;
			proxyType = 1;
			remoteGlobalIDString = 62A8249E1D03E55F00F0AD08;
			remoteInfo = newWindow;
		};
		62A824BF1D03E55F00F0AD08 /* PBXContainerItemProxy */ = {
			isa = PBXContainerItemProxy;
			containerPortal = 62A824971D03E55F00F0AD08 /* Project object */;
			proxyType = 1;
			remoteGlobalIDString = 62A8249E1D03E55F00F0AD08;
			remoteInfo = newWindow;
		};
/* End PBXContainerItemProxy section */

/* Begin PBXFileReference section */
		62A8249F1D03E55F00F0AD08 /* newWindow.app */ = {isa = PBXFileReference; explicitFileType = wrapper.application; includeInIndex = 0; path = newWindow.app; sourceTree = BUILT_PRODUCTS_DIR; };
		62A824A21D03E55F00F0AD08 /* AppDelegate.swift */ = {isa = PBXFileReference; lastKnownFileType = sourcecode.swift; path = AppDelegate.swift; sourceTree = "<group>"; };
		62A824A41D03E55F00F0AD08 /* ViewController.swift */ = {isa = PBXFileReference; lastKnownFileType = sourcecode.swift; path = ViewController.swift; sourceTree = "<group>"; };
		62A824A71D03E55F00F0AD08 /* Base */ = {isa = PBXFileReference; lastKnownFileType = file.storyboard; name = Base; path = Base.lproj/Main.storyboard; sourceTree = "<group>"; };
		62A824A91D03E55F00F0AD08 /* Assets.xcassets */ = {isa = PBXFileReference; lastKnownFileType = folder.assetcatalog; path = Assets.xcassets; sourceTree = "<group>"; };
		62A824AC1D03E55F00F0AD08 /* Base */ = {isa = PBXFileReference; lastKnownFileType = file.storyboard; name = Base; path = Base.lproj/LaunchScreen.storyboard; sourceTree = "<group>"; };
		62A824AE1D03E55F00F0AD08 /* Info.plist */ = {isa = PBXFileReference; lastKnownFileType = text.plist.xml; path = Info.plist; sourceTree = "<group>"; };
		62A824B31D03E55F00F0AD08 /* newWindowTests.xctest */ = {isa = PBXFileReference; explicitFileType = wrapper.cfbundle; includeInIndex = 0; path = newWindowTests.xctest; sourceTree = BUILT_PRODUCTS_DIR; };
		62A824B71D03E55F00F0AD08 /* newWindowTests.swift */ = {isa = PBXFileReference; lastKnownFileType = sourcecode.swift; path = newWindowTests.swift; sourceTree = "<group>"; };
		62A824B91D03E55F00F0AD08 /* Info.plist */ = {isa = PBXFileReference; lastKnownFileType = text.plist.xml; path = Info.plist; sourceTree = "<group>"; };
		62A824BE1D03E55F00F0AD08 /* newWindowUITests.xctest */ = {isa = PBXFileReference; explicitFileType = wrapper.cfbundle; includeInIndex = 0; path = newWindowUITests.xctest; sourceTree = BUILT_PRODUCTS_DIR; };
		62A824C21D03E55F00F0AD08 /* newWindowUITests.swift */ = {isa = PBXFileReference; lastKnownFileType = sourcecode.swift; path = newWindowUITests.swift; sourceTree = "<group>"; };
		62A824C41D03E55F00F0AD08 /* Info.plist */ = {isa = PBXFileReference; lastKnownFileType = text.plist.xml; path = Info.plist; sourceTree = "<group>"; };
/* End PBXFileReference section */

/* Begin PBXFrameworksBuildPhase section */
		62A8249C1D03E55F00F0AD08 /* Frameworks */ = {
			isa = PBXFrameworksBuildPhase;
			buildActionMask = 2147483647;
			files = (
			);
			runOnlyForDeploymentPostprocessing = 0;
		};
		62A824B01D03E55F00F0AD08 /* Frameworks */ = {
			isa = PBXFrameworksBuildPhase;
			buildActionMask = 2147483647;
			files = (
			);
			runOnlyForDeploymentPostprocessing = 0;
		};
		62A824BB1D03E55F00F0AD08 /* Frameworks */ = {
			isa = PBXFrameworksBuildPhase;
			buildActionMask = 2147483647;
			files = (
			);
			runOnlyForDeploymentPostprocessing = 0;
		};
/* End PBXFrameworksBuildPhase section */

/* Begin PBXGroup section */
		62A824961D03E55F00F0AD08 = {
			isa = PBXGroup;
			children = (
				62A824A11D03E55F00F0AD08 /* newWindow */,
				62A824B61D03E55F00F0AD08 /* newWindowTests */,
				62A824C11D03E55F00F0AD08 /* newWindowUITests */,
				62A824A01D03E55F00F0AD08 /* Products */,
			);
			sourceTree = "<group>";
		};
		62A824A01D03E55F00F0AD08 /* Products */ = {
			isa = PBXGroup;
			children = (
				62A8249F1D03E55F00F0AD08 /* newWindow.app */,
				62A824B31D03E55F00F0AD08 /* newWindowTests.xctest */,
				62A824BE1D03E55F00F0AD08 /* newWindowUITests.xctest */,
			);
			name = Products;
			sourceTree = "<group>";
		};
		62A824A11D03E55F00F0AD08 /* newWindow */ = {
			isa = PBXGroup;
			children = (
				62A824A21D03E55F00F0AD08 /* AppDelegate.swift */,
				62A824A41D03E55F00F0AD08 /* ViewController.swift */,
				62A824A61D03E55F00F0AD08 /* Main.storyboard */,
				62A824A91D03E55F00F0AD08 /* Assets.xcassets */,
				62A824AB1D03E55F00F0AD08 /* LaunchScreen.storyboard */,
				62A824AE1D03E55F00F0AD08 /* Info.plist */,
			);
			path = newWindow;
			sourceTree = "<group>";
		};
		62A824B61D03E55F00F0AD08 /* newWindowTests */ = {
			isa = PBXGroup;
			children = (
				62A824B71D03E55F00F0AD08 /* newWindowTests.swift */,
				62A824B91D03E55F00F0AD08 /* Info.plist */,
			);
			path = newWindowTests;
			sourceTree = "<group>";
		};
		62A824C11D03E55F00F0AD08 /* newWindowUITests */ = {
			isa = PBXGroup;
			children = (
				62A824C21D03E55F00F0AD08 /* newWindowUITests.swift */,
				62A824C41D03E55F00F0AD08 /* Info.plist */,
			);
			path = newWindowUITests;
			sourceTree = "<group>";
		};
/* End PBXGroup section */

/* Begin PBXNativeTarget section */
		62A8249E1D03E55F00F0AD08 /* newWindow */ = {
			isa = PBXNativeTarget;
			buildConfigurationList = 62A824C71D03E55F00F0AD08 /* Build configuration list for PBXNativeTarget "newWindow" */;
			buildPhases = (
				62A8249B1D03E55F00F0AD08 /* Sources */,
				62A8249C1D03E55F00F0AD08 /* Frameworks */,
				62A8249D1D03E55F00F0AD08 /* Resources */,
			);
			buildRules = (
			);
			dependencies = (
			);
			name = newWindow;
			productName = newWindow;
			productReference = 62A8249F1D03E55F00F0AD08 /* newWindow.app */;
			productType = "com.apple.product-type.application";
		};
		62A824B21D03E55F00F0AD08 /* newWindowTests */ = {
			isa = PBXNativeTarget;
			buildConfigurationList = 62A824CA1D03E55F00F0AD08 /* Build configuration list for PBXNativeTarget "newWindowTests" */;
			buildPhases = (
				62A824AF1D03E55F00F0AD08 /* Sources */,
				62A824B01D03E55F00F0AD08 /* Frameworks */,
				62A824B11D03E55F00F0AD08 /* Resources */,
			);
			buildRules = (
			);
			dependencies = (
				62A824B51D03E55F00F0AD08 /* PBXTargetDependency */,
			);
			name = newWindowTests;
			productName = newWindowTests;
			productReference = 62A824B31D03E55F00F0AD08 /* newWindowTests.xctest */;
			productType = "com.apple.product-type.bundle.unit-test";
		};
		62A824BD1D03E55F00F0AD08 /* newWindowUITests */ = {
			isa = PBXNativeTarget;
			buildConfigurationList = 62A824CD1D03E55F00F0AD08 /* Build configuration list for PBXNativeTarget "newWindowUITests" */;
			buildPhases = (
				62A824BA1D03E55F00F0AD08 /* Sources */,
				62A824BB1D03E55F00F0AD08 /* Frameworks */,
				62A824BC1D03E55F00F0AD08 /* Resources */,
			);
			buildRules = (
			);
			dependencies = (
				62A824C01D03E55F00F0AD08 /* PBXTargetDependency */,
			);
			name = newWindowUITests;
			productName = newWindowUITests;
			productReference = 62A824BE1D03E55F00F0AD08 /* newWindowUITests.xctest */;
			productType = "com.apple.product-type.bundle.ui-testing";
		};
/* End PBXNativeTarget section */

/* Begin PBXProject section */
		62A824971D03E55F00F0AD08 /* Project object */ = {
			isa = PBXProject;
			attributes = {
				LastSwiftUpdateCheck = 0730;
				LastUpgradeCheck = 0730;
				ORGANIZATIONNAME = Addiel;
				TargetAttributes = {
					62A8249E1D03E55F00F0AD08 = {
						CreatedOnToolsVersion = 7.3;
						DevelopmentTeam = MY2HHU8FFC;
					};
					62A824B21D03E55F00F0AD08 = {
						CreatedOnToolsVersion = 7.3;
						TestTargetID = 62A8249E1D03E55F00F0AD08;
					};
					62A824BD1D03E55F00F0AD08 = {
						CreatedOnToolsVersion = 7.3;
						TestTargetID = 62A8249E1D03E55F00F0AD08;
					};
				};
			};
			buildConfigurationList = 62A8249A1D03E55F00F0AD08 /* Build configuration list for PBXProject "newWindow" */;
			compatibilityVersion = "Xcode 3.2";
			developmentRegion = English;
			hasScannedForEncodings = 0;
			knownRegions = (
				en,
				Base,
			);
			mainGroup = 62A824961D03E55F00F0AD08;
			productRefGroup = 62A824A01D03E55F00F0AD08 /* Products */;
			projectDirPath = "";
			projectRoot = "";
			targets = (
				62A8249E1D03E55F00F0AD08 /* newWindow */,
				62A824B21D03E55F00F0AD08 /* newWindowTests */,
				62A824BD1D03E55F00F0AD08 /* newWindowUITests */,
			);
		};
/* End PBXProject section */

/* Begin PBXResourcesBuildPhase section */
		62A8249D1D03E55F00F0AD08 /* Resources */ = {
			isa = PBXResourcesBuildPhase;
			buildActionMask = 2147483647;
			files = (
				62A824AD1D03E55F00F0AD08 /* LaunchScreen.storyboard in Resources */,
				62A824AA1D03E55F00F0AD08 /* Assets.xcassets in Resources */,
				62A824A81D03E55F00F0AD08 /* Main.storyboard in Resources */,
			);
			runOnlyForDeploymentPostprocessing = 0;
		};
		62A824B11D03E55F00F0AD08 /* Resources */ = {
			isa = PBXResourcesBuildPhase;
			buildActionMask = 2147483647;
			files = (
			);
			runOnlyForDeploymentPostprocessing = 0;
		};
		62A824BC1D03E55F00F0AD08 /* Resources */ = {
			isa = PBXResourcesBuildPhase;
			buildActionMask = 2147483647;
			files = (
			);
			runOnlyForDeploymentPostprocessing = 0;
		};
/* End PBXResourcesBuildPhase section */

/* Begin PBXSourcesBuildPhase section */
		62A8249B1D03E55F00F0AD08 /* Sources */ = {
			isa = PBXSourcesBuildPhase;
			buildActionMask = 2147483647;
			files = (
				62A824A51D03E55F00F0AD08 /* ViewController.swift in Sources */,
				62A824A31D03E55F00F0AD08 /* AppDelegate.swift in Sources */,
			);
			runOnlyForDeploymentPostprocessing = 0;
		};
		62A824AF1D03E55F00F0AD08 /* Sources */ = {
			isa = PBXSourcesBuildPhase;
			buildActionMask = 2147483647;
			files = (
				62A824B81D03E55F00F0AD08 /* newWindowTests.swift in Sources */,
			);
			runOnlyForDeploymentPostprocessing = 0;
		};
		62A824BA1D03E55F00F0AD08 /* Sources */ = {
			isa = PBXSourcesBuildPhase;
			buildActionMask = 2147483647;
			files = (
				62A824C31D03E55F00F0AD08 /* newWindowUITests.swift in Sources */,
			);
			runOnlyForDeploymentPostprocessing = 0;
		};
/* End PBXSourcesBuildPhase section */

/* Begin PBXTargetDependency section */
		62A824B51D03E55F00F0AD08 /* PBXTargetDependency */ = {
			isa = PBXTargetDependency;
			target = 62A8249E1D03E55F00F0AD08 /* newWindow */;
			targetProxy = 62A824B41D03E55F00F0AD08 /* PBXContainerItemProxy */;
		};
		62A824C01D03E55F00F0AD08 /* PBXTargetDependency */ = {
			isa = PBXTargetDependency;
			target = 62A8249E1D03E55F00F0AD08 /* newWindow */;
			targetProxy = 62A824BF1D03E55F00F0AD08 /* PBXContainerItemProxy */;
		};
/* End PBXTargetDependency section */

/* Begin PBXVariantGroup section */
		62A824A61D03E55F00F0AD08 /* Main.storyboard */ = {
			isa = PBXVariantGroup;
			children = (
				62A824A71D03E55F00F0AD08 /* Base */,
			);
			name = Main.storyboard;
			sourceTree = "<group>";
		};
		62A824AB1D03E55F00F0AD08 /* LaunchScreen.storyboard */ = {
			isa = PBXVariantGroup;
			children = (
				62A824AC1D03E55F00F0AD08 /* Base */,
			);
			name = LaunchScreen.storyboard;
			sourceTree = "<group>";
		};
/* End PBXVariantGroup section */

/* Begin XCBuildConfiguration section */
		62A824C51D03E55F00F0AD08 /* Debug */ = {
			isa = XCBuildConfiguration;
			buildSettings = {
				ALWAYS_SEARCH_USER_PATHS = NO;
				CLANG_ANALYZER_NONNULL = YES;
				CLANG_CXX_LANGUAGE_STANDARD = "gnu++0x";
				CLANG_CXX_LIBRARY = "libc++";
				CLANG_ENABLE_MODULES = YES;
				CLANG_ENABLE_OBJC_ARC = YES;
				CLANG_WARN_BOOL_CONVERSION = YES;
				CLANG_WARN_CONSTANT_CONVERSION = YES;
				CLANG_WARN_DIRECT_OBJC_ISA_USAGE = YES_ERROR;
				CLANG_WARN_EMPTY_BODY = YES;
				CLANG_WARN_ENUM_CONVERSION = YES;
				CLANG_WARN_INT_CONVERSION = YES;
				CLANG_WARN_OBJC_ROOT_CLASS = YES_ERROR;
				CLANG_WARN_UNREACHABLE_CODE = YES;
				CLANG_WARN__DUPLICATE_METHOD_MATCH = YES;
				"CODE_SIGN_IDENTITY[sdk=iphoneos*]" = "iPhone Developer";
				COPY_PHASE_STRIP = NO;
				DEBUG_INFORMATION_FORMAT = dwarf;
				ENABLE_STRICT_OBJC_MSGSEND = YES;
				ENABLE_TESTABILITY = YES;
				GCC_C_LANGUAGE_STANDARD = gnu99;
				GCC_DYNAMIC_NO_PIC = NO;
				GCC_NO_COMMON_BLOCKS = YES;
				GCC_OPTIMIZATION_LEVEL = 0;
				GCC_PREPROCESSOR_DEFINITIONS = (
					"DEBUG=1",
					"$(inherited)",
				);
				GCC_WARN_64_TO_32_BIT_CONVERSION = YES;
				GCC_WARN_ABOUT_RETURN_TYPE = YES_ERROR;
				GCC_WARN_UNDECLARED_SELECTOR = YES;
				GCC_WARN_UNINITIALIZED_AUTOS = YES_AGGRESSIVE;
				GCC_WARN_UNUSED_FUNCTION = YES;
				GCC_WARN_UNUSED_VARIABLE = YES;
				IPHONEOS_DEPLOYMENT_TARGET = 9.3;
				MTL_ENABLE_DEBUG_INFO = YES;
				ONLY_ACTIVE_ARCH = YES;
				SDKROOT = iphoneos;
				SWIFT_OPTIMIZATION_LEVEL = "-Onone";
			};
			name = Debug;
		};
		62A824C61D03E55F00F0AD08 /* Release */ = {
			isa = XCBuildConfiguration;
			buildSettings = {
				ALWAYS_SEARCH_USER_PATHS = NO;
				CLANG_ANALYZER_NONNULL = YES;
				CLANG_CXX_LANGUAGE_STANDARD = "gnu++0x";
				CLANG_CXX_LIBRARY = "libc++";
				CLANG_ENABLE_MODULES = YES;
				CLANG_ENABLE_OBJC_ARC = YES;
				CLANG_WARN_BOOL_CONVERSION = YES;
				CLANG_WARN_CONSTANT_CONVERSION = YES;
				CLANG_WARN_DIRECT_OBJC_ISA_USAGE = YES_ERROR;
				CLANG_WARN_EMPTY_BODY = YES;
				CLANG_WARN_ENUM_CONVERSION = YES;
				CLANG_WARN_INT_CONVERSION = YES;
				CLANG_WARN_OBJC_ROOT_CLASS = YES_ERROR;
				CLANG_WARN_UNREACHABLE_CODE = YES;
				CLANG_WARN__DUPLICATE_METHOD_MATCH = YES;
				"CODE_SIGN_IDENTITY[sdk=iphoneos*]" = "iPhone Developer";
				COPY_PHASE_STRIP = NO;
				DEBUG_INFORMATION_FORMAT = "dwarf-with-dsym";
				ENABLE_NS_ASSERTIONS = NO;
				ENABLE_STRICT_OBJC_MSGSEND = YES;
				GCC_C_LANGUAGE_STANDARD = gnu99;
				GCC_NO_COMMON_BLOCKS = YES;
				GCC_WARN_64_TO_32_BIT_CONVERSION = YES;
				GCC_WARN_ABOUT_RETURN_TYPE = YES_ERROR;
				GCC_WARN_UNDECLARED_SELECTOR = YES;
				GCC_WARN_UNINITIALIZED_AUTOS = YES_AGGRESSIVE;
				GCC_WARN_UNUSED_FUNCTION = YES;
				GCC_WARN_UNUSED_VARIABLE = YES;
				IPHONEOS_DEPLOYMENT_TARGET = 9.3;
				MTL_ENABLE_DEBUG_INFO = NO;
				SDKROOT = iphoneos;
				VALIDATE_PRODUCT = YES;
			};
			name = Release;
		};
		62A824C81D03E55F00F0AD08 /* Debug */ = {
			isa = XCBuildConfiguration;
			buildSettings = {
				ASSETCATALOG_COMPILER_APPICON_NAME = AppIcon;
				CODE_SIGN_IDENTITY = "iPhone Developer";
				INFOPLIST_FILE = newWindow/Info.plist;
				LD_RUNPATH_SEARCH_PATHS = "$(inherited) @executable_path/Frameworks";
				PRODUCT_BUNDLE_IDENTIFIER = work.addiel.newWindow;
				PRODUCT_NAME = "$(TARGET_NAME)";
				TARGETED_DEVICE_FAMILY = 1;
			};
			name = Debug;
		};
		62A824C91D03E55F00F0AD08 /* Release */ = {
			isa = XCBuildConfiguration;
			buildSettings = {
				ASSETCATALOG_COMPILER_APPICON_NAME = AppIcon;
				CODE_SIGN_IDENTITY = "iPhone Developer";
				INFOPLIST_FILE = newWindow/Info.plist;
				LD_RUNPATH_SEARCH_PATHS = "$(inherited) @executable_path/Frameworks";
				PRODUCT_BUNDLE_IDENTIFIER = work.addiel.newWindow;
				PRODUCT_NAME = "$(TARGET_NAME)";
				TARGETED_DEVICE_FAMILY = 1;
			};
			name = Release;
		};
		62A824CB1D03E55F00F0AD08 /* Debug */ = {
			isa = XCBuildConfiguration;
			buildSettings = {
				BUNDLE_LOADER = "$(TEST_HOST)";
				INFOPLIST_FILE = newWindowTests/Info.plist;
				LD_RUNPATH_SEARCH_PATHS = "$(inherited) @executable_path/Frameworks @loader_path/Frameworks";
				PRODUCT_BUNDLE_IDENTIFIER = work.addiel.newWindowTests;
				PRODUCT_NAME = "$(TARGET_NAME)";
				TEST_HOST = "$(BUILT_PRODUCTS_DIR)/newWindow.app/newWindow";
			};
			name = Debug;
		};
		62A824CC1D03E55F00F0AD08 /* Release */ = {
			isa = XCBuildConfiguration;
			buildSettings = {
				BUNDLE_LOADER = "$(TEST_HOST)";
				INFOPLIST_FILE = newWindowTests/Info.plist;
				LD_RUNPATH_SEARCH_PATHS = "$(inherited) @executable_path/Frameworks @loader_path/Frameworks";
				PRODUCT_BUNDLE_IDENTIFIER = work.addiel.newWindowTests;
				PRODUCT_NAME = "$(TARGET_NAME)";
				TEST_HOST = "$(BUILT_PRODUCTS_DIR)/newWindow.app/newWindow";
			};
			name = Release;
		};
		62A824CE1D03E55F00F0AD08 /* Debug */ = {
			isa = XCBuildConfiguration;
			buildSettings = {
				INFOPLIST_FILE = newWindowUITests/Info.plist;
				LD_RUNPATH_SEARCH_PATHS = "$(inherited) @executable_path/Frameworks @loader_path/Frameworks";
				PRODUCT_BUNDLE_IDENTIFIER = work.addiel.newWindowUITests;
				PRODUCT_NAME = "$(TARGET_NAME)";
				TEST_TARGET_NAME = newWindow;
			};
			name = Debug;
		};
		62A824CF1D03E55F00F0AD08 /* Release */ = {
			isa = XCBuildConfiguration;
			buildSettings = {
				INFOPLIST_FILE = newWindowUITests/Info.plist;
				LD_RUNPATH_SEARCH_PATHS = "$(inherited) @executable_path/Frameworks @loader_path/Frameworks";
				PRODUCT_BUNDLE_IDENTIFIER = work.addiel.newWindowUITests;
				PRODUCT_NAME = "$(TARGET_NAME)";
				TEST_TARGET_NAME = newWindow;
			};
			name = Release;
		};
/* End XCBuildConfiguration section */

/* Begin XCConfigurationList section */
		62A8249A1D03E55F00F0AD08 /* Build configuration list for PBXProject "newWindow" */ = {
			isa = XCConfigurationList;
			buildConfigurations = (
				62A824C51D03E55F00F0AD08 /* Debug */,
				62A824C61D03E55F00F0AD08 /* Release */,
			);
			defaultConfigurationIsVisible = 0;
			defaultConfigurationName = Release;
		};
		62A824C71D03E55F00F0AD08 /* Build configuration list for PBXNativeTarget "newWindow" */ = {
			isa = XCConfigurationList;
			buildConfigurations = (
				62A824C81D03E55F00F0AD08 /* Debug */,
				62A824C91D03E55F00F0AD08 /* Release */,
			);
			defaultConfigurationIsVisible = 0;
		};
		62A824CA1D03E55F00F0AD08 /* Build configuration list for PBXNativeTarget "newWindowTests" */ = {
			isa = XCConfigurationList;
			buildConfigurations = (
				62A824CB1D03E55F00F0AD08 /* Debug */,
				62A824CC1D03E55F00F0AD08 /* Release */,
			);
			defaultConfigurationIsVisible = 0;
		};
		62A824CD1D03E55F00F0AD08 /* Build configuration list for PBXNativeTarget "newWindowUITests" */ = {
			isa = XCConfigurationList;
			buildConfigurations = (
				62A824CE1D03E55F00F0AD08 /* Debug */,
				62A824CF1D03E55F00F0AD08 /* Release */,
			);
			defaultConfigurationIsVisible = 0;
		};
/* End XCConfigurationList section */
	};
	rootObject = 62A824971D03E55F00F0AD08 /* Project object */;
}
